// !$*UTF8*$!
{
	archiveVersion = 1;
	classes = {
	};
	objectVersion = 51;
	objects = {

/* Begin PBXBuildFile section */
		1A0D2D6A2D10E9CD5D1764F5 /* Pods_woorischoolUITests.framework in Frameworks */ = {isa = PBXBuildFile; fileRef = 5F7F9203926178007AA0F04D /* Pods_woorischoolUITests.framework */; };
		56B73706B4EC30D999202D41 /* Pods_woorischoolTests.framework in Frameworks */ = {isa = PBXBuildFile; fileRef = 7BAFA166663B98C7BBE201EC /* Pods_woorischoolTests.framework */; };
		6E6A417BE18C14AC419C187E /* Pods_woorischool.framework in Frameworks */ = {isa = PBXBuildFile; fileRef = 4DF9025D4AFF6AA15336F7F8 /* Pods_woorischool.framework */; };
		9914A9CF2343098F001C0112 /* Extensions+Views.swift in Sources */ = {isa = PBXBuildFile; fileRef = 9914A9CE2343098F001C0112 /* Extensions+Views.swift */; };
		9914A9D1234309BB001C0112 /* Extensions+Obejcts.swift in Sources */ = {isa = PBXBuildFile; fileRef = 9914A9D0234309BB001C0112 /* Extensions+Obejcts.swift */; };
		9914A9D323430A57001C0112 /* EnumObjects.swift in Sources */ = {isa = PBXBuildFile; fileRef = 9914A9D223430A57001C0112 /* EnumObjects.swift */; };
		9914A9D523430AC6001C0112 /* CustomViews.swift in Sources */ = {isa = PBXBuildFile; fileRef = 9914A9D423430AC5001C0112 /* CustomViews.swift */; };
		9914A9D723430B32001C0112 /* ServerUtil.swift in Sources */ = {isa = PBXBuildFile; fileRef = 9914A9D623430B32001C0112 /* ServerUtil.swift */; };
		9914A9DA23430B8C001C0112 /* UserDefs.swift in Sources */ = {isa = PBXBuildFile; fileRef = 9914A9D923430B8C001C0112 /* UserDefs.swift */; };
		9914A9DC23430B8F001C0112 /* AlertHandler.swift in Sources */ = {isa = PBXBuildFile; fileRef = 9914A9DB23430B8F001C0112 /* AlertHandler.swift */; };
		9914A9DE23430B99001C0112 /* CustomPageControl.swift in Sources */ = {isa = PBXBuildFile; fileRef = 9914A9DD23430B99001C0112 /* CustomPageControl.swift */; };
		9914A9E623430DA9001C0112 /* SplashViewController.swift in Sources */ = {isa = PBXBuildFile; fileRef = 9914A9E423430DA9001C0112 /* SplashViewController.swift */; };
		9914A9E723430DA9001C0112 /* SplashViewController.xib in Resources */ = {isa = PBXBuildFile; fileRef = 9914A9E523430DA9001C0112 /* SplashViewController.xib */; };
		9914A9FA23431447001C0112 /* NotoSansCJKkr-Thin.otf in Resources */ = {isa = PBXBuildFile; fileRef = 9914A9F123431441001C0112 /* NotoSansCJKkr-Thin.otf */; };
		9914A9FB23431447001C0112 /* NotoSansMonoCJKkr-Bold.otf in Resources */ = {isa = PBXBuildFile; fileRef = 9914A9F223431441001C0112 /* NotoSansMonoCJKkr-Bold.otf */; };
		9914A9FC23431447001C0112 /* NotoSansCJKkr-Black.otf in Resources */ = {isa = PBXBuildFile; fileRef = 9914A9F323431442001C0112 /* NotoSansCJKkr-Black.otf */; };
		9914A9FD23431447001C0112 /* NotoSansCJKkr-Light.otf in Resources */ = {isa = PBXBuildFile; fileRef = 9914A9F423431443001C0112 /* NotoSansCJKkr-Light.otf */; };
		9914A9FE23431447001C0112 /* NotoSansMonoCJKkr-Regular.otf in Resources */ = {isa = PBXBuildFile; fileRef = 9914A9F523431444001C0112 /* NotoSansMonoCJKkr-Regular.otf */; };
		9914A9FF23431447001C0112 /* NotoSansCJKkr-Bold.otf in Resources */ = {isa = PBXBuildFile; fileRef = 9914A9F623431444001C0112 /* NotoSansCJKkr-Bold.otf */; };
		9914AA0023431447001C0112 /* NotoSansCJKkr-DemiLight.otf in Resources */ = {isa = PBXBuildFile; fileRef = 9914A9F723431445001C0112 /* NotoSansCJKkr-DemiLight.otf */; };
		9914AA0123431447001C0112 /* NotoSansCJKkr-Regular.otf in Resources */ = {isa = PBXBuildFile; fileRef = 9914A9F823431446001C0112 /* NotoSansCJKkr-Regular.otf */; };
		9914AA0223431447001C0112 /* NotoSansCJKkr-Medium.otf in Resources */ = {isa = PBXBuildFile; fileRef = 9914A9F923431447001C0112 /* NotoSansCJKkr-Medium.otf */; };
		9914AA042343174A001C0112 /* NanumSquareRound-Light.otf in Resources */ = {isa = PBXBuildFile; fileRef = 9914AA032343174A001C0112 /* NanumSquareRound-Light.otf */; };
		9914AA0623431780001C0112 /* NanumSquareRound-Regular.otf in Resources */ = {isa = PBXBuildFile; fileRef = 9914AA0523431780001C0112 /* NanumSquareRound-Regular.otf */; };
		9914AA0A234317E9001C0112 /* NanumSquareRound-Bold.otf in Resources */ = {isa = PBXBuildFile; fileRef = 9914AA09234317E9001C0112 /* NanumSquareRound-Bold.otf */; };
		9914AA0D23431B00001C0112 /* SelectUserTypeViewController.swift in Sources */ = {isa = PBXBuildFile; fileRef = 9914AA0B23431B00001C0112 /* SelectUserTypeViewController.swift */; };
		9914AA0E23431B00001C0112 /* SelectUserTypeViewController.xib in Resources */ = {isa = PBXBuildFile; fileRef = 9914AA0C23431B00001C0112 /* SelectUserTypeViewController.xib */; };
		9914AA1123431CF8001C0112 /* ParentsLoginViewController.swift in Sources */ = {isa = PBXBuildFile; fileRef = 9914AA0F23431CF8001C0112 /* ParentsLoginViewController.swift */; };
		9914AA1223431CF8001C0112 /* ParentsLoginViewController.xib in Resources */ = {isa = PBXBuildFile; fileRef = 9914AA1023431CF8001C0112 /* ParentsLoginViewController.xib */; };
		9914AA1B234326D4001C0112 /* UserData.swift in Sources */ = {isa = PBXBuildFile; fileRef = 9914AA1A234326D4001C0112 /* UserData.swift */; };
		9914AA262345C12C001C0112 /* ParentsHomeViewController.swift in Sources */ = {isa = PBXBuildFile; fileRef = 9914AA242345C12C001C0112 /* ParentsHomeViewController.swift */; };
		9914AA272345C12C001C0112 /* ParentsHomeViewController.xib in Resources */ = {isa = PBXBuildFile; fileRef = 9914AA252345C12C001C0112 /* ParentsHomeViewController.xib */; };
		9914AA2A2345C861001C0112 /* CourseRegistrationViewController.swift in Sources */ = {isa = PBXBuildFile; fileRef = 9914AA282345C861001C0112 /* CourseRegistrationViewController.swift */; };
		9914AA2B2345C861001C0112 /* CourseRegistrationViewController.xib in Resources */ = {isa = PBXBuildFile; fileRef = 9914AA292345C861001C0112 /* CourseRegistrationViewController.xib */; };
		9914AA2F2345CEFC001C0112 /* CourseCollectionViewCell.swift in Sources */ = {isa = PBXBuildFile; fileRef = 9914AA2D2345CEFC001C0112 /* CourseCollectionViewCell.swift */; };
		9914AA302345CEFC001C0112 /* CourseCollectionViewCell.xib in Resources */ = {isa = PBXBuildFile; fileRef = 9914AA2E2345CEFC001C0112 /* CourseCollectionViewCell.xib */; };
		9914AA342346FC4B001C0112 /* ParentsHomeScheduleTableViewCell.swift in Sources */ = {isa = PBXBuildFile; fileRef = 9914AA322346FC4B001C0112 /* ParentsHomeScheduleTableViewCell.swift */; };
		9914AA352346FC4B001C0112 /* ParentsHomeScheduleTableViewCell.xib in Resources */ = {isa = PBXBuildFile; fileRef = 9914AA332346FC4B001C0112 /* ParentsHomeScheduleTableViewCell.xib */; };
		9962A4C523470B160027FEB6 /* RegistedClassTableViewCell.swift in Sources */ = {isa = PBXBuildFile; fileRef = 9962A4C323470B160027FEB6 /* RegistedClassTableViewCell.swift */; };
		9962A4C623470B160027FEB6 /* RegistedClassTableViewCell.xib in Resources */ = {isa = PBXBuildFile; fileRef = 9962A4C423470B160027FEB6 /* RegistedClassTableViewCell.xib */; };
		9962A4C923470B340027FEB6 /* RegistClassTableViewCell.swift in Sources */ = {isa = PBXBuildFile; fileRef = 9962A4C723470B340027FEB6 /* RegistClassTableViewCell.swift */; };
		9962A4CA23470B340027FEB6 /* RegistClassTableViewCell.xib in Resources */ = {isa = PBXBuildFile; fileRef = 9962A4C823470B340027FEB6 /* RegistClassTableViewCell.xib */; };
		9968CF2C23418F3200B8D095 /* AppDelegate.swift in Sources */ = {isa = PBXBuildFile; fileRef = 9968CF2B23418F3200B8D095 /* AppDelegate.swift */; };
		9968CF2E23418F3200B8D095 /* ViewController.swift in Sources */ = {isa = PBXBuildFile; fileRef = 9968CF2D23418F3200B8D095 /* ViewController.swift */; };
		9968CF3123418F3200B8D095 /* Main.storyboard in Resources */ = {isa = PBXBuildFile; fileRef = 9968CF2F23418F3200B8D095 /* Main.storyboard */; };
		9968CF3423418F3200B8D095 /* woorischool.xcdatamodeld in Sources */ = {isa = PBXBuildFile; fileRef = 9968CF3223418F3200B8D095 /* woorischool.xcdatamodeld */; };
		9968CF3623418F3500B8D095 /* Assets.xcassets in Resources */ = {isa = PBXBuildFile; fileRef = 9968CF3523418F3500B8D095 /* Assets.xcassets */; };
		9968CF3923418F3500B8D095 /* LaunchScreen.storyboard in Resources */ = {isa = PBXBuildFile; fileRef = 9968CF3723418F3500B8D095 /* LaunchScreen.storyboard */; };
		9968CF4423418F3500B8D095 /* woorischoolTests.swift in Sources */ = {isa = PBXBuildFile; fileRef = 9968CF4323418F3500B8D095 /* woorischoolTests.swift */; };
		9968CF4F23418F3500B8D095 /* woorischoolUITests.swift in Sources */ = {isa = PBXBuildFile; fileRef = 9968CF4E23418F3500B8D095 /* woorischoolUITests.swift */; };
		99DFB130234EF83300C5B69D /* RegistChildViewController.swift in Sources */ = {isa = PBXBuildFile; fileRef = 99DFB12E234EF83300C5B69D /* RegistChildViewController.swift */; };
		99DFB131234EF83300C5B69D /* RegistChildViewController.xib in Resources */ = {isa = PBXBuildFile; fileRef = 99DFB12F234EF83300C5B69D /* RegistChildViewController.xib */; };
		99DFB133234EFBAB00C5B69D /* GlobalDatas.swift in Sources */ = {isa = PBXBuildFile; fileRef = 99DFB132234EFBAB00C5B69D /* GlobalDatas.swift */; };
		99DFB135234EFD5400C5B69D /* GoogleService-Info.plist in Resources */ = {isa = PBXBuildFile; fileRef = 99DFB134234EFD5400C5B69D /* GoogleService-Info.plist */; };
		99DFB137234F035400C5B69D /* StudentInfoData.swift in Sources */ = {isa = PBXBuildFile; fileRef = 99DFB136234F035400C5B69D /* StudentInfoData.swift */; };
		99DFB13A234F736F00C5B69D /* ClassInfoPopupViewController.swift in Sources */ = {isa = PBXBuildFile; fileRef = 99DFB138234F736F00C5B69D /* ClassInfoPopupViewController.swift */; };
		99DFB13B234F736F00C5B69D /* ClassInfoPopupViewController.xib in Resources */ = {isa = PBXBuildFile; fileRef = 99DFB139234F736F00C5B69D /* ClassInfoPopupViewController.xib */; };
		99DFB13E234F7AE400C5B69D /* RegistClassPopupViewController.swift in Sources */ = {isa = PBXBuildFile; fileRef = 99DFB13C234F7AE400C5B69D /* RegistClassPopupViewController.swift */; };
		99DFB13F234F7AE400C5B69D /* RegistClassPopupViewController.xib in Resources */ = {isa = PBXBuildFile; fileRef = 99DFB13D234F7AE400C5B69D /* RegistClassPopupViewController.xib */; };
		99DFB14A2350481C00C5B69D /* RegistCompClassTableViewCell.swift in Sources */ = {isa = PBXBuildFile; fileRef = 99DFB1482350481C00C5B69D /* RegistCompClassTableViewCell.swift */; };
		99DFB14B2350481C00C5B69D /* RegistCompClassTableViewCell.xib in Resources */ = {isa = PBXBuildFile; fileRef = 99DFB1492350481C00C5B69D /* RegistCompClassTableViewCell.xib */; };
		99DFB15223504D6000C5B69D /* TeacherLoginViewController.swift in Sources */ = {isa = PBXBuildFile; fileRef = 99DFB15023504D6000C5B69D /* TeacherLoginViewController.swift */; };
		99DFB15323504D6000C5B69D /* TeacherLoginViewController.xib in Resources */ = {isa = PBXBuildFile; fileRef = 99DFB15123504D6000C5B69D /* TeacherLoginViewController.xib */; };
		99DFB15623504F1500C5B69D /* TeacherSignUpViewController.swift in Sources */ = {isa = PBXBuildFile; fileRef = 99DFB15423504F1500C5B69D /* TeacherSignUpViewController.swift */; };
		99DFB15723504F1500C5B69D /* TeacherSignUpViewController.xib in Resources */ = {isa = PBXBuildFile; fileRef = 99DFB15523504F1500C5B69D /* TeacherSignUpViewController.xib */; };
		99DFB1592350575F00C5B69D /* LectureData.swift in Sources */ = {isa = PBXBuildFile; fileRef = 99DFB1582350575F00C5B69D /* LectureData.swift */; };
		99DFB15B2350576B00C5B69D /* LectureClassData.swift in Sources */ = {isa = PBXBuildFile; fileRef = 99DFB15A2350576B00C5B69D /* LectureClassData.swift */; };
		99DFB15D2350579100C5B69D /* LectureClassDayData.swift in Sources */ = {isa = PBXBuildFile; fileRef = 99DFB15C2350579100C5B69D /* LectureClassDayData.swift */; };
		99DFB1602350605F00C5B69D /* TeacherHomeViewController.swift in Sources */ = {isa = PBXBuildFile; fileRef = 99DFB15E2350605F00C5B69D /* TeacherHomeViewController.swift */; };
		99DFB1612350605F00C5B69D /* TeacherHomeViewController.xib in Resources */ = {isa = PBXBuildFile; fileRef = 99DFB15F2350605F00C5B69D /* TeacherHomeViewController.xib */; };
		99DFB1642350628700C5B69D /* TeacherHomeTableViewCell.swift in Sources */ = {isa = PBXBuildFile; fileRef = 99DFB1622350628700C5B69D /* TeacherHomeTableViewCell.swift */; };
		99DFB1652350628700C5B69D /* TeacherHomeTableViewCell.xib in Resources */ = {isa = PBXBuildFile; fileRef = 99DFB1632350628700C5B69D /* TeacherHomeTableViewCell.xib */; };
		99DFB1682352BD3B00C5B69D /* LectureAreaData.swift in Sources */ = {isa = PBXBuildFile; fileRef = 99DFB1672352BD3B00C5B69D /* LectureAreaData.swift */; };
		99DFB16B2354236600C5B69D /* ConfirmClassViewController.swift in Sources */ = {isa = PBXBuildFile; fileRef = 99DFB1692354236600C5B69D /* ConfirmClassViewController.swift */; };
		99DFB16C2354236600C5B69D /* ConfirmClassViewController.xib in Resources */ = {isa = PBXBuildFile; fileRef = 99DFB16A2354236600C5B69D /* ConfirmClassViewController.xib */; };
		99DFB1772355671500C5B69D /* RegistClassCompleteListViewController.swift in Sources */ = {isa = PBXBuildFile; fileRef = 99DFB1752355671400C5B69D /* RegistClassCompleteListViewController.swift */; };
		99DFB17923556E7F00C5B69D /* RegistClassCompleteListViewController.xib in Resources */ = {isa = PBXBuildFile; fileRef = 99DFB1762355671400C5B69D /* RegistClassCompleteListViewController.xib */; };
		99DFB1802355808200C5B69D /* ManageChildrenViewController.swift in Sources */ = {isa = PBXBuildFile; fileRef = 99DFB17E2355808200C5B69D /* ManageChildrenViewController.swift */; };
		99DFB1812355808200C5B69D /* ManageChildrenViewController.xib in Resources */ = {isa = PBXBuildFile; fileRef = 99DFB17F2355808200C5B69D /* ManageChildrenViewController.xib */; };
		99DFB184235581E300C5B69D /* ChildTableViewCell.swift in Sources */ = {isa = PBXBuildFile; fileRef = 99DFB182235581E300C5B69D /* ChildTableViewCell.swift */; };
		99DFB185235581E300C5B69D /* ChildTableViewCell.xib in Resources */ = {isa = PBXBuildFile; fileRef = 99DFB183235581E300C5B69D /* ChildTableViewCell.xib */; };
		99F7DC9D23470EA9007C4ABE /* RegistedClassMainViewController.swift in Sources */ = {isa = PBXBuildFile; fileRef = 99F7DC9B23470EA9007C4ABE /* RegistedClassMainViewController.swift */; };
		99F7DC9E23470EA9007C4ABE /* RegistedClassMainViewController.xib in Resources */ = {isa = PBXBuildFile; fileRef = 99F7DC9C23470EA9007C4ABE /* RegistedClassMainViewController.xib */; };
		99F7DCA323471F86007C4ABE /* FillClassPopUpViewController.swift in Sources */ = {isa = PBXBuildFile; fileRef = 99F7DCA123471F86007C4ABE /* FillClassPopUpViewController.swift */; };
		99F7DCA423471F86007C4ABE /* FillClassPopUpViewController.xib in Resources */ = {isa = PBXBuildFile; fileRef = 99F7DCA223471F86007C4ABE /* FillClassPopUpViewController.xib */; };
/* End PBXBuildFile section */

/* Begin PBXContainerItemProxy section */
		9968CF4023418F3500B8D095 /* PBXContainerItemProxy */ = {
			isa = PBXContainerItemProxy;
			containerPortal = 9968CF2023418F3200B8D095 /* Project object */;
			proxyType = 1;
			remoteGlobalIDString = 9968CF2723418F3200B8D095;
			remoteInfo = woorischool;
		};
		9968CF4B23418F3500B8D095 /* PBXContainerItemProxy */ = {
			isa = PBXContainerItemProxy;
			containerPortal = 9968CF2023418F3200B8D095 /* Project object */;
			proxyType = 1;
			remoteGlobalIDString = 9968CF2723418F3200B8D095;
			remoteInfo = woorischool;
		};
/* End PBXContainerItemProxy section */

/* Begin PBXFileReference section */
		0EA684C3B177CBDD6F244DE4 /* Pods-woorischoolUITests.debug.xcconfig */ = {isa = PBXFileReference; includeInIndex = 1; lastKnownFileType = text.xcconfig; name = "Pods-woorischoolUITests.debug.xcconfig"; path = "Target Support Files/Pods-woorischoolUITests/Pods-woorischoolUITests.debug.xcconfig"; sourceTree = "<group>"; };
		2277AA59F5F17A19A5ADF56A /* Pods-woorischool.debug.xcconfig */ = {isa = PBXFileReference; includeInIndex = 1; lastKnownFileType = text.xcconfig; name = "Pods-woorischool.debug.xcconfig"; path = "Target Support Files/Pods-woorischool/Pods-woorischool.debug.xcconfig"; sourceTree = "<group>"; };
		4DF9025D4AFF6AA15336F7F8 /* Pods_woorischool.framework */ = {isa = PBXFileReference; explicitFileType = wrapper.framework; includeInIndex = 0; path = Pods_woorischool.framework; sourceTree = BUILT_PRODUCTS_DIR; };
		530174885E637CF31660E36D /* Pods-woorischoolTests.debug.xcconfig */ = {isa = PBXFileReference; includeInIndex = 1; lastKnownFileType = text.xcconfig; name = "Pods-woorischoolTests.debug.xcconfig"; path = "Target Support Files/Pods-woorischoolTests/Pods-woorischoolTests.debug.xcconfig"; sourceTree = "<group>"; };
		5F7F9203926178007AA0F04D /* Pods_woorischoolUITests.framework */ = {isa = PBXFileReference; explicitFileType = wrapper.framework; includeInIndex = 0; path = Pods_woorischoolUITests.framework; sourceTree = BUILT_PRODUCTS_DIR; };
		7BAFA166663B98C7BBE201EC /* Pods_woorischoolTests.framework */ = {isa = PBXFileReference; explicitFileType = wrapper.framework; includeInIndex = 0; path = Pods_woorischoolTests.framework; sourceTree = BUILT_PRODUCTS_DIR; };
		976225E4F1BC256AAEF8F4BB /* Pods-woorischool.release.xcconfig */ = {isa = PBXFileReference; includeInIndex = 1; lastKnownFileType = text.xcconfig; name = "Pods-woorischool.release.xcconfig"; path = "Target Support Files/Pods-woorischool/Pods-woorischool.release.xcconfig"; sourceTree = "<group>"; };
		9914A9CE2343098F001C0112 /* Extensions+Views.swift */ = {isa = PBXFileReference; lastKnownFileType = sourcecode.swift; path = "Extensions+Views.swift"; sourceTree = "<group>"; };
		9914A9D0234309BB001C0112 /* Extensions+Obejcts.swift */ = {isa = PBXFileReference; lastKnownFileType = sourcecode.swift; path = "Extensions+Obejcts.swift"; sourceTree = "<group>"; };
		9914A9D223430A57001C0112 /* EnumObjects.swift */ = {isa = PBXFileReference; lastKnownFileType = sourcecode.swift; path = EnumObjects.swift; sourceTree = "<group>"; };
		9914A9D423430AC5001C0112 /* CustomViews.swift */ = {isa = PBXFileReference; fileEncoding = 4; lastKnownFileType = sourcecode.swift; path = CustomViews.swift; sourceTree = "<group>"; };
		9914A9D623430B32001C0112 /* ServerUtil.swift */ = {isa = PBXFileReference; fileEncoding = 4; lastKnownFileType = sourcecode.swift; path = ServerUtil.swift; sourceTree = "<group>"; };
		9914A9D923430B8C001C0112 /* UserDefs.swift */ = {isa = PBXFileReference; fileEncoding = 4; lastKnownFileType = sourcecode.swift; path = UserDefs.swift; sourceTree = "<group>"; };
		9914A9DB23430B8F001C0112 /* AlertHandler.swift */ = {isa = PBXFileReference; fileEncoding = 4; lastKnownFileType = sourcecode.swift; path = AlertHandler.swift; sourceTree = "<group>"; };
		9914A9DD23430B99001C0112 /* CustomPageControl.swift */ = {isa = PBXFileReference; fileEncoding = 4; lastKnownFileType = sourcecode.swift; path = CustomPageControl.swift; sourceTree = "<group>"; };
		9914A9E423430DA9001C0112 /* SplashViewController.swift */ = {isa = PBXFileReference; lastKnownFileType = sourcecode.swift; path = SplashViewController.swift; sourceTree = "<group>"; };
		9914A9E523430DA9001C0112 /* SplashViewController.xib */ = {isa = PBXFileReference; lastKnownFileType = file.xib; path = SplashViewController.xib; sourceTree = "<group>"; };
		9914A9F123431441001C0112 /* NotoSansCJKkr-Thin.otf */ = {isa = PBXFileReference; lastKnownFileType = file; path = "NotoSansCJKkr-Thin.otf"; sourceTree = "<group>"; };
		9914A9F223431441001C0112 /* NotoSansMonoCJKkr-Bold.otf */ = {isa = PBXFileReference; lastKnownFileType = file; path = "NotoSansMonoCJKkr-Bold.otf"; sourceTree = "<group>"; };
		9914A9F323431442001C0112 /* NotoSansCJKkr-Black.otf */ = {isa = PBXFileReference; lastKnownFileType = file; path = "NotoSansCJKkr-Black.otf"; sourceTree = "<group>"; };
		9914A9F423431443001C0112 /* NotoSansCJKkr-Light.otf */ = {isa = PBXFileReference; lastKnownFileType = file; path = "NotoSansCJKkr-Light.otf"; sourceTree = "<group>"; };
		9914A9F523431444001C0112 /* NotoSansMonoCJKkr-Regular.otf */ = {isa = PBXFileReference; lastKnownFileType = file; path = "NotoSansMonoCJKkr-Regular.otf"; sourceTree = "<group>"; };
		9914A9F623431444001C0112 /* NotoSansCJKkr-Bold.otf */ = {isa = PBXFileReference; lastKnownFileType = file; path = "NotoSansCJKkr-Bold.otf"; sourceTree = "<group>"; };
		9914A9F723431445001C0112 /* NotoSansCJKkr-DemiLight.otf */ = {isa = PBXFileReference; lastKnownFileType = file; path = "NotoSansCJKkr-DemiLight.otf"; sourceTree = "<group>"; };
		9914A9F823431446001C0112 /* NotoSansCJKkr-Regular.otf */ = {isa = PBXFileReference; lastKnownFileType = file; path = "NotoSansCJKkr-Regular.otf"; sourceTree = "<group>"; };
		9914A9F923431447001C0112 /* NotoSansCJKkr-Medium.otf */ = {isa = PBXFileReference; lastKnownFileType = file; path = "NotoSansCJKkr-Medium.otf"; sourceTree = "<group>"; };
		9914AA032343174A001C0112 /* NanumSquareRound-Light.otf */ = {isa = PBXFileReference; lastKnownFileType = file; path = "NanumSquareRound-Light.otf"; sourceTree = "<group>"; };
		9914AA0523431780001C0112 /* NanumSquareRound-Regular.otf */ = {isa = PBXFileReference; lastKnownFileType = file; path = "NanumSquareRound-Regular.otf"; sourceTree = "<group>"; };
		9914AA09234317E9001C0112 /* NanumSquareRound-Bold.otf */ = {isa = PBXFileReference; lastKnownFileType = file; path = "NanumSquareRound-Bold.otf"; sourceTree = "<group>"; };
		9914AA0B23431B00001C0112 /* SelectUserTypeViewController.swift */ = {isa = PBXFileReference; lastKnownFileType = sourcecode.swift; path = SelectUserTypeViewController.swift; sourceTree = "<group>"; };
		9914AA0C23431B00001C0112 /* SelectUserTypeViewController.xib */ = {isa = PBXFileReference; lastKnownFileType = file.xib; path = SelectUserTypeViewController.xib; sourceTree = "<group>"; };
		9914AA0F23431CF8001C0112 /* ParentsLoginViewController.swift */ = {isa = PBXFileReference; lastKnownFileType = sourcecode.swift; path = ParentsLoginViewController.swift; sourceTree = "<group>"; };
		9914AA1023431CF8001C0112 /* ParentsLoginViewController.xib */ = {isa = PBXFileReference; lastKnownFileType = file.xib; path = ParentsLoginViewController.xib; sourceTree = "<group>"; };
		9914AA1A234326D4001C0112 /* UserData.swift */ = {isa = PBXFileReference; lastKnownFileType = sourcecode.swift; path = UserData.swift; sourceTree = "<group>"; };
		9914AA242345C12C001C0112 /* ParentsHomeViewController.swift */ = {isa = PBXFileReference; lastKnownFileType = sourcecode.swift; path = ParentsHomeViewController.swift; sourceTree = "<group>"; };
		9914AA252345C12C001C0112 /* ParentsHomeViewController.xib */ = {isa = PBXFileReference; lastKnownFileType = file.xib; path = ParentsHomeViewController.xib; sourceTree = "<group>"; };
		9914AA282345C861001C0112 /* CourseRegistrationViewController.swift */ = {isa = PBXFileReference; lastKnownFileType = sourcecode.swift; path = CourseRegistrationViewController.swift; sourceTree = "<group>"; };
		9914AA292345C861001C0112 /* CourseRegistrationViewController.xib */ = {isa = PBXFileReference; lastKnownFileType = file.xib; path = CourseRegistrationViewController.xib; sourceTree = "<group>"; };
		9914AA2D2345CEFC001C0112 /* CourseCollectionViewCell.swift */ = {isa = PBXFileReference; lastKnownFileType = sourcecode.swift; path = CourseCollectionViewCell.swift; sourceTree = "<group>"; };
		9914AA2E2345CEFC001C0112 /* CourseCollectionViewCell.xib */ = {isa = PBXFileReference; lastKnownFileType = file.xib; path = CourseCollectionViewCell.xib; sourceTree = "<group>"; };
		9914AA322346FC4B001C0112 /* ParentsHomeScheduleTableViewCell.swift */ = {isa = PBXFileReference; lastKnownFileType = sourcecode.swift; path = ParentsHomeScheduleTableViewCell.swift; sourceTree = "<group>"; };
		9914AA332346FC4B001C0112 /* ParentsHomeScheduleTableViewCell.xib */ = {isa = PBXFileReference; lastKnownFileType = file.xib; path = ParentsHomeScheduleTableViewCell.xib; sourceTree = "<group>"; };
		9962A4C323470B160027FEB6 /* RegistedClassTableViewCell.swift */ = {isa = PBXFileReference; lastKnownFileType = sourcecode.swift; path = RegistedClassTableViewCell.swift; sourceTree = "<group>"; };
		9962A4C423470B160027FEB6 /* RegistedClassTableViewCell.xib */ = {isa = PBXFileReference; lastKnownFileType = file.xib; path = RegistedClassTableViewCell.xib; sourceTree = "<group>"; };
		9962A4C723470B340027FEB6 /* RegistClassTableViewCell.swift */ = {isa = PBXFileReference; lastKnownFileType = sourcecode.swift; path = RegistClassTableViewCell.swift; sourceTree = "<group>"; };
		9962A4C823470B340027FEB6 /* RegistClassTableViewCell.xib */ = {isa = PBXFileReference; lastKnownFileType = file.xib; path = RegistClassTableViewCell.xib; sourceTree = "<group>"; };
		9968CF2823418F3200B8D095 /* 우리스쿨.app */ = {isa = PBXFileReference; explicitFileType = wrapper.application; includeInIndex = 0; path = "우리스쿨.app"; sourceTree = BUILT_PRODUCTS_DIR; };
		9968CF2B23418F3200B8D095 /* AppDelegate.swift */ = {isa = PBXFileReference; lastKnownFileType = sourcecode.swift; path = AppDelegate.swift; sourceTree = "<group>"; };
		9968CF2D23418F3200B8D095 /* ViewController.swift */ = {isa = PBXFileReference; lastKnownFileType = sourcecode.swift; path = ViewController.swift; sourceTree = "<group>"; };
		9968CF3023418F3200B8D095 /* Base */ = {isa = PBXFileReference; lastKnownFileType = file.storyboard; name = Base; path = Base.lproj/Main.storyboard; sourceTree = "<group>"; };
		9968CF3323418F3200B8D095 /* woorischool.xcdatamodel */ = {isa = PBXFileReference; lastKnownFileType = wrapper.xcdatamodel; path = woorischool.xcdatamodel; sourceTree = "<group>"; };
		9968CF3523418F3500B8D095 /* Assets.xcassets */ = {isa = PBXFileReference; lastKnownFileType = folder.assetcatalog; path = Assets.xcassets; sourceTree = "<group>"; };
		9968CF3823418F3500B8D095 /* Base */ = {isa = PBXFileReference; lastKnownFileType = file.storyboard; name = Base; path = Base.lproj/LaunchScreen.storyboard; sourceTree = "<group>"; };
		9968CF3A23418F3500B8D095 /* Info.plist */ = {isa = PBXFileReference; lastKnownFileType = text.plist.xml; path = Info.plist; sourceTree = "<group>"; };
		9968CF3F23418F3500B8D095 /* woorischoolTests.xctest */ = {isa = PBXFileReference; explicitFileType = wrapper.cfbundle; includeInIndex = 0; path = woorischoolTests.xctest; sourceTree = BUILT_PRODUCTS_DIR; };
		9968CF4323418F3500B8D095 /* woorischoolTests.swift */ = {isa = PBXFileReference; lastKnownFileType = sourcecode.swift; path = woorischoolTests.swift; sourceTree = "<group>"; };
		9968CF4523418F3500B8D095 /* Info.plist */ = {isa = PBXFileReference; lastKnownFileType = text.plist.xml; path = Info.plist; sourceTree = "<group>"; };
		9968CF4A23418F3500B8D095 /* woorischoolUITests.xctest */ = {isa = PBXFileReference; explicitFileType = wrapper.cfbundle; includeInIndex = 0; path = woorischoolUITests.xctest; sourceTree = BUILT_PRODUCTS_DIR; };
		9968CF4E23418F3500B8D095 /* woorischoolUITests.swift */ = {isa = PBXFileReference; lastKnownFileType = sourcecode.swift; path = woorischoolUITests.swift; sourceTree = "<group>"; };
		9968CF5023418F3500B8D095 /* Info.plist */ = {isa = PBXFileReference; lastKnownFileType = text.plist.xml; path = Info.plist; sourceTree = "<group>"; };
		99DFB12E234EF83300C5B69D /* RegistChildViewController.swift */ = {isa = PBXFileReference; lastKnownFileType = sourcecode.swift; path = RegistChildViewController.swift; sourceTree = "<group>"; };
		99DFB12F234EF83300C5B69D /* RegistChildViewController.xib */ = {isa = PBXFileReference; lastKnownFileType = file.xib; path = RegistChildViewController.xib; sourceTree = "<group>"; };
		99DFB132234EFBAB00C5B69D /* GlobalDatas.swift */ = {isa = PBXFileReference; lastKnownFileType = sourcecode.swift; path = GlobalDatas.swift; sourceTree = "<group>"; };
		99DFB134234EFD5400C5B69D /* GoogleService-Info.plist */ = {isa = PBXFileReference; fileEncoding = 4; lastKnownFileType = text.plist.xml; path = "GoogleService-Info.plist"; sourceTree = "<group>"; };
		99DFB136234F035400C5B69D /* StudentInfoData.swift */ = {isa = PBXFileReference; lastKnownFileType = sourcecode.swift; path = StudentInfoData.swift; sourceTree = "<group>"; };
		99DFB138234F736F00C5B69D /* ClassInfoPopupViewController.swift */ = {isa = PBXFileReference; lastKnownFileType = sourcecode.swift; path = ClassInfoPopupViewController.swift; sourceTree = "<group>"; };
		99DFB139234F736F00C5B69D /* ClassInfoPopupViewController.xib */ = {isa = PBXFileReference; lastKnownFileType = file.xib; path = ClassInfoPopupViewController.xib; sourceTree = "<group>"; };
		99DFB13C234F7AE400C5B69D /* RegistClassPopupViewController.swift */ = {isa = PBXFileReference; lastKnownFileType = sourcecode.swift; path = RegistClassPopupViewController.swift; sourceTree = "<group>"; };
		99DFB13D234F7AE400C5B69D /* RegistClassPopupViewController.xib */ = {isa = PBXFileReference; lastKnownFileType = file.xib; path = RegistClassPopupViewController.xib; sourceTree = "<group>"; };
		99DFB1482350481C00C5B69D /* RegistCompClassTableViewCell.swift */ = {isa = PBXFileReference; lastKnownFileType = sourcecode.swift; path = RegistCompClassTableViewCell.swift; sourceTree = "<group>"; };
		99DFB1492350481C00C5B69D /* RegistCompClassTableViewCell.xib */ = {isa = PBXFileReference; lastKnownFileType = file.xib; path = RegistCompClassTableViewCell.xib; sourceTree = "<group>"; };
		99DFB15023504D6000C5B69D /* TeacherLoginViewController.swift */ = {isa = PBXFileReference; lastKnownFileType = sourcecode.swift; path = TeacherLoginViewController.swift; sourceTree = "<group>"; };
		99DFB15123504D6000C5B69D /* TeacherLoginViewController.xib */ = {isa = PBXFileReference; lastKnownFileType = file.xib; path = TeacherLoginViewController.xib; sourceTree = "<group>"; };
		99DFB15423504F1500C5B69D /* TeacherSignUpViewController.swift */ = {isa = PBXFileReference; lastKnownFileType = sourcecode.swift; path = TeacherSignUpViewController.swift; sourceTree = "<group>"; };
		99DFB15523504F1500C5B69D /* TeacherSignUpViewController.xib */ = {isa = PBXFileReference; lastKnownFileType = file.xib; path = TeacherSignUpViewController.xib; sourceTree = "<group>"; };
		99DFB1582350575F00C5B69D /* LectureData.swift */ = {isa = PBXFileReference; lastKnownFileType = sourcecode.swift; path = LectureData.swift; sourceTree = "<group>"; };
		99DFB15A2350576B00C5B69D /* LectureClassData.swift */ = {isa = PBXFileReference; lastKnownFileType = sourcecode.swift; path = LectureClassData.swift; sourceTree = "<group>"; };
		99DFB15C2350579100C5B69D /* LectureClassDayData.swift */ = {isa = PBXFileReference; lastKnownFileType = sourcecode.swift; path = LectureClassDayData.swift; sourceTree = "<group>"; };
		99DFB15E2350605F00C5B69D /* TeacherHomeViewController.swift */ = {isa = PBXFileReference; lastKnownFileType = sourcecode.swift; path = TeacherHomeViewController.swift; sourceTree = "<group>"; };
		99DFB15F2350605F00C5B69D /* TeacherHomeViewController.xib */ = {isa = PBXFileReference; lastKnownFileType = file.xib; path = TeacherHomeViewController.xib; sourceTree = "<group>"; };
		99DFB1622350628700C5B69D /* TeacherHomeTableViewCell.swift */ = {isa = PBXFileReference; lastKnownFileType = sourcecode.swift; path = TeacherHomeTableViewCell.swift; sourceTree = "<group>"; };
		99DFB1632350628700C5B69D /* TeacherHomeTableViewCell.xib */ = {isa = PBXFileReference; lastKnownFileType = file.xib; path = TeacherHomeTableViewCell.xib; sourceTree = "<group>"; };
		99DFB166235220D000C5B69D /* woorischool.entitlements */ = {isa = PBXFileReference; lastKnownFileType = text.plist.entitlements; path = woorischool.entitlements; sourceTree = "<group>"; };
		99DFB1672352BD3B00C5B69D /* LectureAreaData.swift */ = {isa = PBXFileReference; lastKnownFileType = sourcecode.swift; path = LectureAreaData.swift; sourceTree = "<group>"; };
		99DFB1692354236600C5B69D /* ConfirmClassViewController.swift */ = {isa = PBXFileReference; lastKnownFileType = sourcecode.swift; path = ConfirmClassViewController.swift; sourceTree = "<group>"; };
		99DFB16A2354236600C5B69D /* ConfirmClassViewController.xib */ = {isa = PBXFileReference; lastKnownFileType = file.xib; path = ConfirmClassViewController.xib; sourceTree = "<group>"; };
		99DFB1752355671400C5B69D /* RegistClassCompleteListViewController.swift */ = {isa = PBXFileReference; lastKnownFileType = sourcecode.swift; path = RegistClassCompleteListViewController.swift; sourceTree = "<group>"; };
		99DFB1762355671400C5B69D /* RegistClassCompleteListViewController.xib */ = {isa = PBXFileReference; lastKnownFileType = file.xib; path = RegistClassCompleteListViewController.xib; sourceTree = "<group>"; };
		99DFB17E2355808200C5B69D /* ManageChildrenViewController.swift */ = {isa = PBXFileReference; lastKnownFileType = sourcecode.swift; path = ManageChildrenViewController.swift; sourceTree = "<group>"; };
		99DFB17F2355808200C5B69D /* ManageChildrenViewController.xib */ = {isa = PBXFileReference; lastKnownFileType = file.xib; path = ManageChildrenViewController.xib; sourceTree = "<group>"; };
		99DFB182235581E300C5B69D /* ChildTableViewCell.swift */ = {isa = PBXFileReference; lastKnownFileType = sourcecode.swift; path = ChildTableViewCell.swift; sourceTree = "<group>"; };
		99DFB183235581E300C5B69D /* ChildTableViewCell.xib */ = {isa = PBXFileReference; lastKnownFileType = file.xib; path = ChildTableViewCell.xib; sourceTree = "<group>"; };
		99F7DC9B23470EA9007C4ABE /* RegistedClassMainViewController.swift */ = {isa = PBXFileReference; lastKnownFileType = sourcecode.swift; path = RegistedClassMainViewController.swift; sourceTree = "<group>"; };
		99F7DC9C23470EA9007C4ABE /* RegistedClassMainViewController.xib */ = {isa = PBXFileReference; lastKnownFileType = file.xib; path = RegistedClassMainViewController.xib; sourceTree = "<group>"; };
		99F7DCA123471F86007C4ABE /* FillClassPopUpViewController.swift */ = {isa = PBXFileReference; lastKnownFileType = sourcecode.swift; path = FillClassPopUpViewController.swift; sourceTree = "<group>"; };
		99F7DCA223471F86007C4ABE /* FillClassPopUpViewController.xib */ = {isa = PBXFileReference; lastKnownFileType = file.xib; path = FillClassPopUpViewController.xib; sourceTree = "<group>"; };
		C63EB5231703A402FC52CEED /* Pods-woorischoolUITests.release.xcconfig */ = {isa = PBXFileReference; includeInIndex = 1; lastKnownFileType = text.xcconfig; name = "Pods-woorischoolUITests.release.xcconfig"; path = "Target Support Files/Pods-woorischoolUITests/Pods-woorischoolUITests.release.xcconfig"; sourceTree = "<group>"; };
		CECCFAD86527E37AA122206D /* Pods-woorischoolTests.release.xcconfig */ = {isa = PBXFileReference; includeInIndex = 1; lastKnownFileType = text.xcconfig; name = "Pods-woorischoolTests.release.xcconfig"; path = "Target Support Files/Pods-woorischoolTests/Pods-woorischoolTests.release.xcconfig"; sourceTree = "<group>"; };
/* End PBXFileReference section */

/* Begin PBXFrameworksBuildPhase section */
		9968CF2523418F3200B8D095 /* Frameworks */ = {
			isa = PBXFrameworksBuildPhase;
			buildActionMask = 2147483647;
			files = (
				6E6A417BE18C14AC419C187E /* Pods_woorischool.framework in Frameworks */,
			);
			runOnlyForDeploymentPostprocessing = 0;
		};
		9968CF3C23418F3500B8D095 /* Frameworks */ = {
			isa = PBXFrameworksBuildPhase;
			buildActionMask = 2147483647;
			files = (
				56B73706B4EC30D999202D41 /* Pods_woorischoolTests.framework in Frameworks */,
			);
			runOnlyForDeploymentPostprocessing = 0;
		};
		9968CF4723418F3500B8D095 /* Frameworks */ = {
			isa = PBXFrameworksBuildPhase;
			buildActionMask = 2147483647;
			files = (
				1A0D2D6A2D10E9CD5D1764F5 /* Pods_woorischoolUITests.framework in Frameworks */,
			);
			runOnlyForDeploymentPostprocessing = 0;
		};
/* End PBXFrameworksBuildPhase section */

/* Begin PBXGroup section */
		62140E2395DDCD6CDFA1EAAF /* Frameworks */ = {
			isa = PBXGroup;
			children = (
				4DF9025D4AFF6AA15336F7F8 /* Pods_woorischool.framework */,
				7BAFA166663B98C7BBE201EC /* Pods_woorischoolTests.framework */,
				5F7F9203926178007AA0F04D /* Pods_woorischoolUITests.framework */,
			);
			name = Frameworks;
			sourceTree = "<group>";
		};
		75E1AC6872D49F6AB1D31BA8 /* Pods */ = {
			isa = PBXGroup;
			children = (
				2277AA59F5F17A19A5ADF56A /* Pods-woorischool.debug.xcconfig */,
				976225E4F1BC256AAEF8F4BB /* Pods-woorischool.release.xcconfig */,
				530174885E637CF31660E36D /* Pods-woorischoolTests.debug.xcconfig */,
				CECCFAD86527E37AA122206D /* Pods-woorischoolTests.release.xcconfig */,
				0EA684C3B177CBDD6F244DE4 /* Pods-woorischoolUITests.debug.xcconfig */,
				C63EB5231703A402FC52CEED /* Pods-woorischoolUITests.release.xcconfig */,
			);
			path = Pods;
			sourceTree = "<group>";
		};
		9914A9C9234308CC001C0112 /* Views */ = {
			isa = PBXGroup;
			children = (
				9914AA312345CF19001C0112 /* Cells */,
				9914AA152343258D001C0112 /* Global */,
				9914AA142343257A001C0112 /* Parents */,
				99DFB14D23504D1400C5B69D /* Teachers */,
			);
			path = Views;
			sourceTree = "<group>";
		};
		9914A9CA23430925001C0112 /* Controllers */ = {
			isa = PBXGroup;
			children = (
				9914A9CB2343092F001C0112 /* Cells */,
				9914AA182343268D001C0112 /* Global */,
				9914AA1723432686001C0112 /* Parents */,
				99DFB14C23504CFE00C5B69D /* Teachers */,
			);
			path = Controllers;
			sourceTree = "<group>";
		};
		9914A9CB2343092F001C0112 /* Cells */ = {
			isa = PBXGroup;
			children = (
				9914AA2D2345CEFC001C0112 /* CourseCollectionViewCell.swift */,
				9914AA322346FC4B001C0112 /* ParentsHomeScheduleTableViewCell.swift */,
				9962A4C323470B160027FEB6 /* RegistedClassTableViewCell.swift */,
				9962A4C723470B340027FEB6 /* RegistClassTableViewCell.swift */,
				99DFB1482350481C00C5B69D /* RegistCompClassTableViewCell.swift */,
				99DFB1622350628700C5B69D /* TeacherHomeTableViewCell.swift */,
				99DFB182235581E300C5B69D /* ChildTableViewCell.swift */,
			);
			path = Cells;
			sourceTree = "<group>";
		};
		9914A9CC23430939001C0112 /* Datas */ = {
			isa = PBXGroup;
			children = (
				9914AA1A234326D4001C0112 /* UserData.swift */,
				99DFB136234F035400C5B69D /* StudentInfoData.swift */,
				99DFB1582350575F00C5B69D /* LectureData.swift */,
				99DFB15A2350576B00C5B69D /* LectureClassData.swift */,
				99DFB15C2350579100C5B69D /* LectureClassDayData.swift */,
				99DFB1672352BD3B00C5B69D /* LectureAreaData.swift */,
			);
			path = Datas;
			sourceTree = "<group>";
		};
		9914A9CD23430945001C0112 /* Utils */ = {
			isa = PBXGroup;
			children = (
				99DFB132234EFBAB00C5B69D /* GlobalDatas.swift */,
				9914A9CE2343098F001C0112 /* Extensions+Views.swift */,
				9914A9D0234309BB001C0112 /* Extensions+Obejcts.swift */,
				9914A9D223430A57001C0112 /* EnumObjects.swift */,
				9914A9D423430AC5001C0112 /* CustomViews.swift */,
				9914A9D623430B32001C0112 /* ServerUtil.swift */,
				9914A9D923430B8C001C0112 /* UserDefs.swift */,
				9914A9DB23430B8F001C0112 /* AlertHandler.swift */,
				9914A9DD23430B99001C0112 /* CustomPageControl.swift */,
			);
			path = Utils;
			sourceTree = "<group>";
		};
		9914A9DF23430C24001C0112 /* ModalViews */ = {
			isa = PBXGroup;
			children = (
				9914AA1023431CF8001C0112 /* ParentsLoginViewController.xib */,
				9914AA252345C12C001C0112 /* ParentsHomeViewController.xib */,
				9914AA292345C861001C0112 /* CourseRegistrationViewController.xib */,
				99F7DC9C23470EA9007C4ABE /* RegistedClassMainViewController.xib */,
				99DFB12F234EF83300C5B69D /* RegistChildViewController.xib */,
				99DFB1762355671400C5B69D /* RegistClassCompleteListViewController.xib */,
				99DFB17F2355808200C5B69D /* ManageChildrenViewController.xib */,
			);
			path = ModalViews;
			sourceTree = "<group>";
		};
		9914A9E223430C81001C0112 /* Modals */ = {
			isa = PBXGroup;
			children = (
				9914AA0F23431CF8001C0112 /* ParentsLoginViewController.swift */,
				9914AA242345C12C001C0112 /* ParentsHomeViewController.swift */,
				9914AA282345C861001C0112 /* CourseRegistrationViewController.swift */,
				99F7DC9B23470EA9007C4ABE /* RegistedClassMainViewController.swift */,
				99DFB12E234EF83300C5B69D /* RegistChildViewController.swift */,
				99DFB1752355671400C5B69D /* RegistClassCompleteListViewController.swift */,
				99DFB17E2355808200C5B69D /* ManageChildrenViewController.swift */,
			);
			path = Modals;
			sourceTree = "<group>";
		};
		9914A9E823430E3C001C0112 /* Fonts */ = {
			isa = PBXGroup;
			children = (
				9914AA09234317E9001C0112 /* NanumSquareRound-Bold.otf */,
				9914AA0523431780001C0112 /* NanumSquareRound-Regular.otf */,
				9914AA032343174A001C0112 /* NanumSquareRound-Light.otf */,
				9914A9F323431442001C0112 /* NotoSansCJKkr-Black.otf */,
				9914A9F623431444001C0112 /* NotoSansCJKkr-Bold.otf */,
				9914A9F723431445001C0112 /* NotoSansCJKkr-DemiLight.otf */,
				9914A9F423431443001C0112 /* NotoSansCJKkr-Light.otf */,
				9914A9F923431447001C0112 /* NotoSansCJKkr-Medium.otf */,
				9914A9F823431446001C0112 /* NotoSansCJKkr-Regular.otf */,
				9914A9F123431441001C0112 /* NotoSansCJKkr-Thin.otf */,
				9914A9F223431441001C0112 /* NotoSansMonoCJKkr-Bold.otf */,
				9914A9F523431444001C0112 /* NotoSansMonoCJKkr-Regular.otf */,
			);
			path = Fonts;
			sourceTree = "<group>";
		};
		9914AA142343257A001C0112 /* Parents */ = {
			isa = PBXGroup;
			children = (
				99F7DCA023471F59007C4ABE /* PopupViews */,
				9914A9DF23430C24001C0112 /* ModalViews */,
			);
			path = Parents;
			sourceTree = "<group>";
		};
		9914AA152343258D001C0112 /* Global */ = {
			isa = PBXGroup;
			children = (
				9914AA1623432611001C0112 /* ModalViews */,
			);
			path = Global;
			sourceTree = "<group>";
		};
		9914AA1623432611001C0112 /* ModalViews */ = {
			isa = PBXGroup;
			children = (
				9914A9E523430DA9001C0112 /* SplashViewController.xib */,
				9914AA0C23431B00001C0112 /* SelectUserTypeViewController.xib */,
			);
			path = ModalViews;
			sourceTree = "<group>";
		};
		9914AA1723432686001C0112 /* Parents */ = {
			isa = PBXGroup;
			children = (
				99F7DC9F23471F4B007C4ABE /* Popups */,
				9914A9E223430C81001C0112 /* Modals */,
			);
			path = Parents;
			sourceTree = "<group>";
		};
		9914AA182343268D001C0112 /* Global */ = {
			isa = PBXGroup;
			children = (
				9914AA19234326AA001C0112 /* Modals */,
			);
			path = Global;
			sourceTree = "<group>";
		};
		9914AA19234326AA001C0112 /* Modals */ = {
			isa = PBXGroup;
			children = (
				9914A9E423430DA9001C0112 /* SplashViewController.swift */,
				9914AA0B23431B00001C0112 /* SelectUserTypeViewController.swift */,
			);
			path = Modals;
			sourceTree = "<group>";
		};
		9914AA312345CF19001C0112 /* Cells */ = {
			isa = PBXGroup;
			children = (
				9914AA2E2345CEFC001C0112 /* CourseCollectionViewCell.xib */,
				9914AA332346FC4B001C0112 /* ParentsHomeScheduleTableViewCell.xib */,
				9962A4C423470B160027FEB6 /* RegistedClassTableViewCell.xib */,
				9962A4C823470B340027FEB6 /* RegistClassTableViewCell.xib */,
				99DFB1492350481C00C5B69D /* RegistCompClassTableViewCell.xib */,
				99DFB1632350628700C5B69D /* TeacherHomeTableViewCell.xib */,
				99DFB183235581E300C5B69D /* ChildTableViewCell.xib */,
			);
			path = Cells;
			sourceTree = "<group>";
		};
		9968CF1F23418F3200B8D095 = {
			isa = PBXGroup;
			children = (
				9968CF2A23418F3200B8D095 /* woorischool */,
				9968CF4223418F3500B8D095 /* woorischoolTests */,
				9968CF4D23418F3500B8D095 /* woorischoolUITests */,
				9968CF2923418F3200B8D095 /* Products */,
				75E1AC6872D49F6AB1D31BA8 /* Pods */,
				62140E2395DDCD6CDFA1EAAF /* Frameworks */,
			);
			sourceTree = "<group>";
		};
		9968CF2923418F3200B8D095 /* Products */ = {
			isa = PBXGroup;
			children = (
				9968CF2823418F3200B8D095 /* 우리스쿨.app */,
				9968CF3F23418F3500B8D095 /* woorischoolTests.xctest */,
				9968CF4A23418F3500B8D095 /* woorischoolUITests.xctest */,
			);
			name = Products;
			sourceTree = "<group>";
		};
		9968CF2A23418F3200B8D095 /* woorischool */ = {
			isa = PBXGroup;
			children = (
				99DFB166235220D000C5B69D /* woorischool.entitlements */,
				99DFB134234EFD5400C5B69D /* GoogleService-Info.plist */,
				9914A9E823430E3C001C0112 /* Fonts */,
				9914A9CD23430945001C0112 /* Utils */,
				9914A9CC23430939001C0112 /* Datas */,
				9914A9CA23430925001C0112 /* Controllers */,
				9914A9C9234308CC001C0112 /* Views */,
				9968CF2B23418F3200B8D095 /* AppDelegate.swift */,
				9968CF2D23418F3200B8D095 /* ViewController.swift */,
				9968CF2F23418F3200B8D095 /* Main.storyboard */,
				9968CF3523418F3500B8D095 /* Assets.xcassets */,
				9968CF3723418F3500B8D095 /* LaunchScreen.storyboard */,
				9968CF3A23418F3500B8D095 /* Info.plist */,
				9968CF3223418F3200B8D095 /* woorischool.xcdatamodeld */,
			);
			path = woorischool;
			sourceTree = "<group>";
		};
		9968CF4223418F3500B8D095 /* woorischoolTests */ = {
			isa = PBXGroup;
			children = (
				9968CF4323418F3500B8D095 /* woorischoolTests.swift */,
				9968CF4523418F3500B8D095 /* Info.plist */,
			);
			path = woorischoolTests;
			sourceTree = "<group>";
		};
		9968CF4D23418F3500B8D095 /* woorischoolUITests */ = {
			isa = PBXGroup;
			children = (
				9968CF4E23418F3500B8D095 /* woorischoolUITests.swift */,
				9968CF5023418F3500B8D095 /* Info.plist */,
			);
			path = woorischoolUITests;
			sourceTree = "<group>";
		};
		99DFB14C23504CFE00C5B69D /* Teachers */ = {
			isa = PBXGroup;
			children = (
				99DFB14F23504D4200C5B69D /* Modals */,
			);
			path = Teachers;
			sourceTree = "<group>";
		};
		99DFB14D23504D1400C5B69D /* Teachers */ = {
			isa = PBXGroup;
			children = (
				99DFB14E23504D2800C5B69D /* ModalViews */,
			);
			path = Teachers;
			sourceTree = "<group>";
		};
		99DFB14E23504D2800C5B69D /* ModalViews */ = {
			isa = PBXGroup;
			children = (
				99DFB15123504D6000C5B69D /* TeacherLoginViewController.xib */,
				99DFB15523504F1500C5B69D /* TeacherSignUpViewController.xib */,
				99DFB15F2350605F00C5B69D /* TeacherHomeViewController.xib */,
			);
			path = ModalViews;
			sourceTree = "<group>";
		};
		99DFB14F23504D4200C5B69D /* Modals */ = {
			isa = PBXGroup;
			children = (
				99DFB15023504D6000C5B69D /* TeacherLoginViewController.swift */,
				99DFB15423504F1500C5B69D /* TeacherSignUpViewController.swift */,
				99DFB15E2350605F00C5B69D /* TeacherHomeViewController.swift */,
			);
			path = Modals;
			sourceTree = "<group>";
		};
		99F7DC9F23471F4B007C4ABE /* Popups */ = {
			isa = PBXGroup;
			children = (
				99F7DCA123471F86007C4ABE /* FillClassPopUpViewController.swift */,
				99DFB138234F736F00C5B69D /* ClassInfoPopupViewController.swift */,
				99DFB13C234F7AE400C5B69D /* RegistClassPopupViewController.swift */,
				99DFB1692354236600C5B69D /* ConfirmClassViewController.swift */,
			);
			path = Popups;
			sourceTree = "<group>";
		};
		99F7DCA023471F59007C4ABE /* PopupViews */ = {
			isa = PBXGroup;
			children = (
				99F7DCA223471F86007C4ABE /* FillClassPopUpViewController.xib */,
				99DFB139234F736F00C5B69D /* ClassInfoPopupViewController.xib */,
				99DFB13D234F7AE400C5B69D /* RegistClassPopupViewController.xib */,
				99DFB16A2354236600C5B69D /* ConfirmClassViewController.xib */,
			);
			path = PopupViews;
			sourceTree = "<group>";
		};
/* End PBXGroup section */

/* Begin PBXNativeTarget section */
		9968CF2723418F3200B8D095 /* woorischool */ = {
			isa = PBXNativeTarget;
			buildConfigurationList = 9968CF5323418F3500B8D095 /* Build configuration list for PBXNativeTarget "woorischool" */;
			buildPhases = (
				BFB582CE2B7EE649D73B1A43 /* [CP] Check Pods Manifest.lock */,
				9968CF2423418F3200B8D095 /* Sources */,
				9968CF2523418F3200B8D095 /* Frameworks */,
				9968CF2623418F3200B8D095 /* Resources */,
				719246AE4963D30D433CBEA6 /* [CP] Embed Pods Frameworks */,
			);
			buildRules = (
			);
			dependencies = (
			);
			name = woorischool;
			productName = woorischool;
			productReference = 9968CF2823418F3200B8D095 /* 우리스쿨.app */;
			productType = "com.apple.product-type.application";
		};
		9968CF3E23418F3500B8D095 /* woorischoolTests */ = {
			isa = PBXNativeTarget;
			buildConfigurationList = 9968CF5623418F3500B8D095 /* Build configuration list for PBXNativeTarget "woorischoolTests" */;
			buildPhases = (
				27B52022230FFA6332D760F7 /* [CP] Check Pods Manifest.lock */,
				9968CF3B23418F3500B8D095 /* Sources */,
				9968CF3C23418F3500B8D095 /* Frameworks */,
				9968CF3D23418F3500B8D095 /* Resources */,
			);
			buildRules = (
			);
			dependencies = (
				9968CF4123418F3500B8D095 /* PBXTargetDependency */,
			);
			name = woorischoolTests;
			productName = woorischoolTests;
			productReference = 9968CF3F23418F3500B8D095 /* woorischoolTests.xctest */;
			productType = "com.apple.product-type.bundle.unit-test";
		};
		9968CF4923418F3500B8D095 /* woorischoolUITests */ = {
			isa = PBXNativeTarget;
			buildConfigurationList = 9968CF5923418F3500B8D095 /* Build configuration list for PBXNativeTarget "woorischoolUITests" */;
			buildPhases = (
				712885591959133CA90B5EA3 /* [CP] Check Pods Manifest.lock */,
				9968CF4623418F3500B8D095 /* Sources */,
				9968CF4723418F3500B8D095 /* Frameworks */,
				9968CF4823418F3500B8D095 /* Resources */,
			);
			buildRules = (
			);
			dependencies = (
				9968CF4C23418F3500B8D095 /* PBXTargetDependency */,
			);
			name = woorischoolUITests;
			productName = woorischoolUITests;
			productReference = 9968CF4A23418F3500B8D095 /* woorischoolUITests.xctest */;
			productType = "com.apple.product-type.bundle.ui-testing";
		};
/* End PBXNativeTarget section */

/* Begin PBXProject section */
		9968CF2023418F3200B8D095 /* Project object */ = {
			isa = PBXProject;
			attributes = {
				LastSwiftUpdateCheck = 1020;
				LastUpgradeCheck = 1020;
				ORGANIZATIONNAME = beanfactory;
				TargetAttributes = {
					9968CF2723418F3200B8D095 = {
						CreatedOnToolsVersion = 10.2.1;
					};
					9968CF3E23418F3500B8D095 = {
						CreatedOnToolsVersion = 10.2.1;
						TestTargetID = 9968CF2723418F3200B8D095;
					};
					9968CF4923418F3500B8D095 = {
						CreatedOnToolsVersion = 10.2.1;
						TestTargetID = 9968CF2723418F3200B8D095;
					};
				};
			};
			buildConfigurationList = 9968CF2323418F3200B8D095 /* Build configuration list for PBXProject "woorischool" */;
			compatibilityVersion = "Xcode 9.3";
			developmentRegion = en;
			hasScannedForEncodings = 0;
			knownRegions = (
				en,
				Base,
			);
			mainGroup = 9968CF1F23418F3200B8D095;
			productRefGroup = 9968CF2923418F3200B8D095 /* Products */;
			projectDirPath = "";
			projectRoot = "";
			targets = (
				9968CF2723418F3200B8D095 /* woorischool */,
				9968CF3E23418F3500B8D095 /* woorischoolTests */,
				9968CF4923418F3500B8D095 /* woorischoolUITests */,
			);
		};
/* End PBXProject section */

/* Begin PBXResourcesBuildPhase section */
		9968CF2623418F3200B8D095 /* Resources */ = {
			isa = PBXResourcesBuildPhase;
			buildActionMask = 2147483647;
			files = (
				99DFB17923556E7F00C5B69D /* RegistClassCompleteListViewController.xib in Resources */,
				9914A9FD23431447001C0112 /* NotoSansCJKkr-Light.otf in Resources */,
				9968CF3923418F3500B8D095 /* LaunchScreen.storyboard in Resources */,
				99DFB131234EF83300C5B69D /* RegistChildViewController.xib in Resources */,
				9914AA0623431780001C0112 /* NanumSquareRound-Regular.otf in Resources */,
				9914AA352346FC4B001C0112 /* ParentsHomeScheduleTableViewCell.xib in Resources */,
				9914A9FC23431447001C0112 /* NotoSansCJKkr-Black.otf in Resources */,
				99F7DC9E23470EA9007C4ABE /* RegistedClassMainViewController.xib in Resources */,
				99F7DCA423471F86007C4ABE /* FillClassPopUpViewController.xib in Resources */,
				9914AA0E23431B00001C0112 /* SelectUserTypeViewController.xib in Resources */,
				9914A9FA23431447001C0112 /* NotoSansCJKkr-Thin.otf in Resources */,
				9968CF3623418F3500B8D095 /* Assets.xcassets in Resources */,
				9914AA0A234317E9001C0112 /* NanumSquareRound-Bold.otf in Resources */,
				99DFB13B234F736F00C5B69D /* ClassInfoPopupViewController.xib in Resources */,
				99DFB14B2350481C00C5B69D /* RegistCompClassTableViewCell.xib in Resources */,
				99DFB15723504F1500C5B69D /* TeacherSignUpViewController.xib in Resources */,
				9914A9FB23431447001C0112 /* NotoSansMonoCJKkr-Bold.otf in Resources */,
				99DFB1652350628700C5B69D /* TeacherHomeTableViewCell.xib in Resources */,
				99DFB135234EFD5400C5B69D /* GoogleService-Info.plist in Resources */,
				9962A4CA23470B340027FEB6 /* RegistClassTableViewCell.xib in Resources */,
				9914AA0123431447001C0112 /* NotoSansCJKkr-Regular.otf in Resources */,
				9914AA2B2345C861001C0112 /* CourseRegistrationViewController.xib in Resources */,
				99DFB1612350605F00C5B69D /* TeacherHomeViewController.xib in Resources */,
				99DFB185235581E300C5B69D /* ChildTableViewCell.xib in Resources */,
				99DFB16C2354236600C5B69D /* ConfirmClassViewController.xib in Resources */,
				99DFB1812355808200C5B69D /* ManageChildrenViewController.xib in Resources */,
				9914AA042343174A001C0112 /* NanumSquareRound-Light.otf in Resources */,
				9914A9FE23431447001C0112 /* NotoSansMonoCJKkr-Regular.otf in Resources */,
				9962A4C623470B160027FEB6 /* RegistedClassTableViewCell.xib in Resources */,
				9914A9FF23431447001C0112 /* NotoSansCJKkr-Bold.otf in Resources */,
				9914AA272345C12C001C0112 /* ParentsHomeViewController.xib in Resources */,
				9968CF3123418F3200B8D095 /* Main.storyboard in Resources */,
				9914AA1223431CF8001C0112 /* ParentsLoginViewController.xib in Resources */,
				9914AA0223431447001C0112 /* NotoSansCJKkr-Medium.otf in Resources */,
				99DFB13F234F7AE400C5B69D /* RegistClassPopupViewController.xib in Resources */,
				99DFB15323504D6000C5B69D /* TeacherLoginViewController.xib in Resources */,
				9914A9E723430DA9001C0112 /* SplashViewController.xib in Resources */,
				9914AA302345CEFC001C0112 /* CourseCollectionViewCell.xib in Resources */,
				9914AA0023431447001C0112 /* NotoSansCJKkr-DemiLight.otf in Resources */,
			);
			runOnlyForDeploymentPostprocessing = 0;
		};
		9968CF3D23418F3500B8D095 /* Resources */ = {
			isa = PBXResourcesBuildPhase;
			buildActionMask = 2147483647;
			files = (
			);
			runOnlyForDeploymentPostprocessing = 0;
		};
		9968CF4823418F3500B8D095 /* Resources */ = {
			isa = PBXResourcesBuildPhase;
			buildActionMask = 2147483647;
			files = (
			);
			runOnlyForDeploymentPostprocessing = 0;
		};
/* End PBXResourcesBuildPhase section */

/* Begin PBXShellScriptBuildPhase section */
		27B52022230FFA6332D760F7 /* [CP] Check Pods Manifest.lock */ = {
			isa = PBXShellScriptBuildPhase;
			buildActionMask = 2147483647;
			files = (
			);
			inputFileListPaths = (
			);
			inputPaths = (
				"${PODS_PODFILE_DIR_PATH}/Podfile.lock",
				"${PODS_ROOT}/Manifest.lock",
			);
			name = "[CP] Check Pods Manifest.lock";
			outputFileListPaths = (
			);
			outputPaths = (
				"$(DERIVED_FILE_DIR)/Pods-woorischoolTests-checkManifestLockResult.txt",
			);
			runOnlyForDeploymentPostprocessing = 0;
			shellPath = /bin/sh;
			shellScript = "diff \"${PODS_PODFILE_DIR_PATH}/Podfile.lock\" \"${PODS_ROOT}/Manifest.lock\" > /dev/null\nif [ $? != 0 ] ; then\n    # print error to STDERR\n    echo \"error: The sandbox is not in sync with the Podfile.lock. Run 'pod install' or update your CocoaPods installation.\" >&2\n    exit 1\nfi\n# This output is used by Xcode 'outputs' to avoid re-running this script phase.\necho \"SUCCESS\" > \"${SCRIPT_OUTPUT_FILE_0}\"\n";
			showEnvVarsInLog = 0;
		};
		712885591959133CA90B5EA3 /* [CP] Check Pods Manifest.lock */ = {
			isa = PBXShellScriptBuildPhase;
			buildActionMask = 2147483647;
			files = (
			);
			inputFileListPaths = (
			);
			inputPaths = (
				"${PODS_PODFILE_DIR_PATH}/Podfile.lock",
				"${PODS_ROOT}/Manifest.lock",
			);
			name = "[CP] Check Pods Manifest.lock";
			outputFileListPaths = (
			);
			outputPaths = (
				"$(DERIVED_FILE_DIR)/Pods-woorischoolUITests-checkManifestLockResult.txt",
			);
			runOnlyForDeploymentPostprocessing = 0;
			shellPath = /bin/sh;
			shellScript = "diff \"${PODS_PODFILE_DIR_PATH}/Podfile.lock\" \"${PODS_ROOT}/Manifest.lock\" > /dev/null\nif [ $? != 0 ] ; then\n    # print error to STDERR\n    echo \"error: The sandbox is not in sync with the Podfile.lock. Run 'pod install' or update your CocoaPods installation.\" >&2\n    exit 1\nfi\n# This output is used by Xcode 'outputs' to avoid re-running this script phase.\necho \"SUCCESS\" > \"${SCRIPT_OUTPUT_FILE_0}\"\n";
			showEnvVarsInLog = 0;
		};
		719246AE4963D30D433CBEA6 /* [CP] Embed Pods Frameworks */ = {
			isa = PBXShellScriptBuildPhase;
			buildActionMask = 2147483647;
			files = (
			);
			inputFileListPaths = (
				"${PODS_ROOT}/Target Support Files/Pods-woorischool/Pods-woorischool-frameworks-${CONFIGURATION}-input-files.xcfilelist",
			);
			name = "[CP] Embed Pods Frameworks";
			outputFileListPaths = (
				"${PODS_ROOT}/Target Support Files/Pods-woorischool/Pods-woorischool-frameworks-${CONFIGURATION}-output-files.xcfilelist",
			);
			runOnlyForDeploymentPostprocessing = 0;
			shellPath = /bin/sh;
			shellScript = "\"${PODS_ROOT}/Target Support Files/Pods-woorischool/Pods-woorischool-frameworks.sh\"\n";
			showEnvVarsInLog = 0;
		};
		BFB582CE2B7EE649D73B1A43 /* [CP] Check Pods Manifest.lock */ = {
			isa = PBXShellScriptBuildPhase;
			buildActionMask = 2147483647;
			files = (
			);
			inputFileListPaths = (
			);
			inputPaths = (
				"${PODS_PODFILE_DIR_PATH}/Podfile.lock",
				"${PODS_ROOT}/Manifest.lock",
			);
			name = "[CP] Check Pods Manifest.lock";
			outputFileListPaths = (
			);
			outputPaths = (
				"$(DERIVED_FILE_DIR)/Pods-woorischool-checkManifestLockResult.txt",
			);
			runOnlyForDeploymentPostprocessing = 0;
			shellPath = /bin/sh;
			shellScript = "diff \"${PODS_PODFILE_DIR_PATH}/Podfile.lock\" \"${PODS_ROOT}/Manifest.lock\" > /dev/null\nif [ $? != 0 ] ; then\n    # print error to STDERR\n    echo \"error: The sandbox is not in sync with the Podfile.lock. Run 'pod install' or update your CocoaPods installation.\" >&2\n    exit 1\nfi\n# This output is used by Xcode 'outputs' to avoid re-running this script phase.\necho \"SUCCESS\" > \"${SCRIPT_OUTPUT_FILE_0}\"\n";
			showEnvVarsInLog = 0;
		};
/* End PBXShellScriptBuildPhase section */

/* Begin PBXSourcesBuildPhase section */
		9968CF2423418F3200B8D095 /* Sources */ = {
			isa = PBXSourcesBuildPhase;
			buildActionMask = 2147483647;
			files = (
				99F7DC9D23470EA9007C4ABE /* RegistedClassMainViewController.swift in Sources */,
				99DFB16B2354236600C5B69D /* ConfirmClassViewController.swift in Sources */,
				99DFB13A234F736F00C5B69D /* ClassInfoPopupViewController.swift in Sources */,
				99DFB133234EFBAB00C5B69D /* GlobalDatas.swift in Sources */,
				9914AA342346FC4B001C0112 /* ParentsHomeScheduleTableViewCell.swift in Sources */,
				9914A9D723430B32001C0112 /* ServerUtil.swift in Sources */,
				99DFB1802355808200C5B69D /* ManageChildrenViewController.swift in Sources */,
				9914A9DC23430B8F001C0112 /* AlertHandler.swift in Sources */,
				99DFB1682352BD3B00C5B69D /* LectureAreaData.swift in Sources */,
				99DFB15623504F1500C5B69D /* TeacherSignUpViewController.swift in Sources */,
				99DFB14A2350481C00C5B69D /* RegistCompClassTableViewCell.swift in Sources */,
				99DFB13E234F7AE400C5B69D /* RegistClassPopupViewController.swift in Sources */,
				99DFB130234EF83300C5B69D /* RegistChildViewController.swift in Sources */,
				99DFB1642350628700C5B69D /* TeacherHomeTableViewCell.swift in Sources */,
				99DFB1772355671500C5B69D /* RegistClassCompleteListViewController.swift in Sources */,
				99DFB184235581E300C5B69D /* ChildTableViewCell.swift in Sources */,
				9914AA262345C12C001C0112 /* ParentsHomeViewController.swift in Sources */,
				9914AA2A2345C861001C0112 /* CourseRegistrationViewController.swift in Sources */,
				9914A9DE23430B99001C0112 /* CustomPageControl.swift in Sources */,
				9914AA1B234326D4001C0112 /* UserData.swift in Sources */,
				99DFB15B2350576B00C5B69D /* LectureClassData.swift in Sources */,
				9914A9E623430DA9001C0112 /* SplashViewController.swift in Sources */,
				9962A4C523470B160027FEB6 /* RegistedClassTableViewCell.swift in Sources */,
				99DFB1592350575F00C5B69D /* LectureData.swift in Sources */,
				9914AA0D23431B00001C0112 /* SelectUserTypeViewController.swift in Sources */,
				9968CF2E23418F3200B8D095 /* ViewController.swift in Sources */,
				9968CF2C23418F3200B8D095 /* AppDelegate.swift in Sources */,
				99DFB15223504D6000C5B69D /* TeacherLoginViewController.swift in Sources */,
				9914A9CF2343098F001C0112 /* Extensions+Views.swift in Sources */,
				9914AA1123431CF8001C0112 /* ParentsLoginViewController.swift in Sources */,
				9962A4C923470B340027FEB6 /* RegistClassTableViewCell.swift in Sources */,
				99DFB1602350605F00C5B69D /* TeacherHomeViewController.swift in Sources */,
				9914AA2F2345CEFC001C0112 /* CourseCollectionViewCell.swift in Sources */,
				99DFB137234F035400C5B69D /* StudentInfoData.swift in Sources */,
				9914A9D523430AC6001C0112 /* CustomViews.swift in Sources */,
				9914A9D1234309BB001C0112 /* Extensions+Obejcts.swift in Sources */,
				99DFB15D2350579100C5B69D /* LectureClassDayData.swift in Sources */,
				9914A9DA23430B8C001C0112 /* UserDefs.swift in Sources */,
				9968CF3423418F3200B8D095 /* woorischool.xcdatamodeld in Sources */,
				9914A9D323430A57001C0112 /* EnumObjects.swift in Sources */,
				99F7DCA323471F86007C4ABE /* FillClassPopUpViewController.swift in Sources */,
			);
			runOnlyForDeploymentPostprocessing = 0;
		};
		9968CF3B23418F3500B8D095 /* Sources */ = {
			isa = PBXSourcesBuildPhase;
			buildActionMask = 2147483647;
			files = (
				9968CF4423418F3500B8D095 /* woorischoolTests.swift in Sources */,
			);
			runOnlyForDeploymentPostprocessing = 0;
		};
		9968CF4623418F3500B8D095 /* Sources */ = {
			isa = PBXSourcesBuildPhase;
			buildActionMask = 2147483647;
			files = (
				9968CF4F23418F3500B8D095 /* woorischoolUITests.swift in Sources */,
			);
			runOnlyForDeploymentPostprocessing = 0;
		};
/* End PBXSourcesBuildPhase section */

/* Begin PBXTargetDependency section */
		9968CF4123418F3500B8D095 /* PBXTargetDependency */ = {
			isa = PBXTargetDependency;
			target = 9968CF2723418F3200B8D095 /* woorischool */;
			targetProxy = 9968CF4023418F3500B8D095 /* PBXContainerItemProxy */;
		};
		9968CF4C23418F3500B8D095 /* PBXTargetDependency */ = {
			isa = PBXTargetDependency;
			target = 9968CF2723418F3200B8D095 /* woorischool */;
			targetProxy = 9968CF4B23418F3500B8D095 /* PBXContainerItemProxy */;
		};
/* End PBXTargetDependency section */

/* Begin PBXVariantGroup section */
		9968CF2F23418F3200B8D095 /* Main.storyboard */ = {
			isa = PBXVariantGroup;
			children = (
				9968CF3023418F3200B8D095 /* Base */,
			);
			name = Main.storyboard;
			sourceTree = "<group>";
		};
		9968CF3723418F3500B8D095 /* LaunchScreen.storyboard */ = {
			isa = PBXVariantGroup;
			children = (
				9968CF3823418F3500B8D095 /* Base */,
			);
			name = LaunchScreen.storyboard;
			sourceTree = "<group>";
		};
/* End PBXVariantGroup section */

/* Begin XCBuildConfiguration section */
		9968CF5123418F3500B8D095 /* Debug */ = {
			isa = XCBuildConfiguration;
			buildSettings = {
				ALWAYS_SEARCH_USER_PATHS = NO;
				CLANG_ANALYZER_NONNULL = YES;
				CLANG_ANALYZER_NUMBER_OBJECT_CONVERSION = YES_AGGRESSIVE;
				CLANG_CXX_LANGUAGE_STANDARD = "gnu++14";
				CLANG_CXX_LIBRARY = "libc++";
				CLANG_ENABLE_MODULES = YES;
				CLANG_ENABLE_OBJC_ARC = YES;
				CLANG_ENABLE_OBJC_WEAK = YES;
				CLANG_WARN_BLOCK_CAPTURE_AUTORELEASING = YES;
				CLANG_WARN_BOOL_CONVERSION = YES;
				CLANG_WARN_COMMA = YES;
				CLANG_WARN_CONSTANT_CONVERSION = YES;
				CLANG_WARN_DEPRECATED_OBJC_IMPLEMENTATIONS = YES;
				CLANG_WARN_DIRECT_OBJC_ISA_USAGE = YES_ERROR;
				CLANG_WARN_DOCUMENTATION_COMMENTS = YES;
				CLANG_WARN_EMPTY_BODY = YES;
				CLANG_WARN_ENUM_CONVERSION = YES;
				CLANG_WARN_INFINITE_RECURSION = YES;
				CLANG_WARN_INT_CONVERSION = YES;
				CLANG_WARN_NON_LITERAL_NULL_CONVERSION = YES;
				CLANG_WARN_OBJC_IMPLICIT_RETAIN_SELF = YES;
				CLANG_WARN_OBJC_LITERAL_CONVERSION = YES;
				CLANG_WARN_OBJC_ROOT_CLASS = YES_ERROR;
				CLANG_WARN_RANGE_LOOP_ANALYSIS = YES;
				CLANG_WARN_STRICT_PROTOTYPES = YES;
				CLANG_WARN_SUSPICIOUS_MOVE = YES;
				CLANG_WARN_UNGUARDED_AVAILABILITY = YES_AGGRESSIVE;
				CLANG_WARN_UNREACHABLE_CODE = YES;
				CLANG_WARN__DUPLICATE_METHOD_MATCH = YES;
				CODE_SIGN_IDENTITY = "iPhone Developer";
				COPY_PHASE_STRIP = NO;
				DEBUG_INFORMATION_FORMAT = dwarf;
				ENABLE_STRICT_OBJC_MSGSEND = YES;
				ENABLE_TESTABILITY = YES;
				GCC_C_LANGUAGE_STANDARD = gnu11;
				GCC_DYNAMIC_NO_PIC = NO;
				GCC_NO_COMMON_BLOCKS = YES;
				GCC_OPTIMIZATION_LEVEL = 0;
				GCC_PREPROCESSOR_DEFINITIONS = (
					"DEBUG=1",
					"$(inherited)",
				);
				GCC_WARN_64_TO_32_BIT_CONVERSION = YES;
				GCC_WARN_ABOUT_RETURN_TYPE = YES_ERROR;
				GCC_WARN_UNDECLARED_SELECTOR = YES;
				GCC_WARN_UNINITIALIZED_AUTOS = YES_AGGRESSIVE;
				GCC_WARN_UNUSED_FUNCTION = YES;
				GCC_WARN_UNUSED_VARIABLE = YES;
				IPHONEOS_DEPLOYMENT_TARGET = 12.2;
				MTL_ENABLE_DEBUG_INFO = INCLUDE_SOURCE;
				MTL_FAST_MATH = YES;
				ONLY_ACTIVE_ARCH = YES;
				SDKROOT = iphoneos;
				SWIFT_ACTIVE_COMPILATION_CONDITIONS = DEBUG;
				SWIFT_OPTIMIZATION_LEVEL = "-Onone";
			};
			name = Debug;
		};
		9968CF5223418F3500B8D095 /* Release */ = {
			isa = XCBuildConfiguration;
			buildSettings = {
				ALWAYS_SEARCH_USER_PATHS = NO;
				CLANG_ANALYZER_NONNULL = YES;
				CLANG_ANALYZER_NUMBER_OBJECT_CONVERSION = YES_AGGRESSIVE;
				CLANG_CXX_LANGUAGE_STANDARD = "gnu++14";
				CLANG_CXX_LIBRARY = "libc++";
				CLANG_ENABLE_MODULES = YES;
				CLANG_ENABLE_OBJC_ARC = YES;
				CLANG_ENABLE_OBJC_WEAK = YES;
				CLANG_WARN_BLOCK_CAPTURE_AUTORELEASING = YES;
				CLANG_WARN_BOOL_CONVERSION = YES;
				CLANG_WARN_COMMA = YES;
				CLANG_WARN_CONSTANT_CONVERSION = YES;
				CLANG_WARN_DEPRECATED_OBJC_IMPLEMENTATIONS = YES;
				CLANG_WARN_DIRECT_OBJC_ISA_USAGE = YES_ERROR;
				CLANG_WARN_DOCUMENTATION_COMMENTS = YES;
				CLANG_WARN_EMPTY_BODY = YES;
				CLANG_WARN_ENUM_CONVERSION = YES;
				CLANG_WARN_INFINITE_RECURSION = YES;
				CLANG_WARN_INT_CONVERSION = YES;
				CLANG_WARN_NON_LITERAL_NULL_CONVERSION = YES;
				CLANG_WARN_OBJC_IMPLICIT_RETAIN_SELF = YES;
				CLANG_WARN_OBJC_LITERAL_CONVERSION = YES;
				CLANG_WARN_OBJC_ROOT_CLASS = YES_ERROR;
				CLANG_WARN_RANGE_LOOP_ANALYSIS = YES;
				CLANG_WARN_STRICT_PROTOTYPES = YES;
				CLANG_WARN_SUSPICIOUS_MOVE = YES;
				CLANG_WARN_UNGUARDED_AVAILABILITY = YES_AGGRESSIVE;
				CLANG_WARN_UNREACHABLE_CODE = YES;
				CLANG_WARN__DUPLICATE_METHOD_MATCH = YES;
				CODE_SIGN_IDENTITY = "iPhone Developer";
				COPY_PHASE_STRIP = NO;
				DEBUG_INFORMATION_FORMAT = "dwarf-with-dsym";
				ENABLE_NS_ASSERTIONS = NO;
				ENABLE_STRICT_OBJC_MSGSEND = YES;
				GCC_C_LANGUAGE_STANDARD = gnu11;
				GCC_NO_COMMON_BLOCKS = YES;
				GCC_WARN_64_TO_32_BIT_CONVERSION = YES;
				GCC_WARN_ABOUT_RETURN_TYPE = YES_ERROR;
				GCC_WARN_UNDECLARED_SELECTOR = YES;
				GCC_WARN_UNINITIALIZED_AUTOS = YES_AGGRESSIVE;
				GCC_WARN_UNUSED_FUNCTION = YES;
				GCC_WARN_UNUSED_VARIABLE = YES;
				IPHONEOS_DEPLOYMENT_TARGET = 12.2;
				MTL_ENABLE_DEBUG_INFO = NO;
				MTL_FAST_MATH = YES;
				SDKROOT = iphoneos;
				SWIFT_COMPILATION_MODE = wholemodule;
				SWIFT_OPTIMIZATION_LEVEL = "-O";
				VALIDATE_PRODUCT = YES;
			};
			name = Release;
		};
		9968CF5423418F3500B8D095 /* Debug */ = {
			isa = XCBuildConfiguration;
			baseConfigurationReference = 2277AA59F5F17A19A5ADF56A /* Pods-woorischool.debug.xcconfig */;
			buildSettings = {
				ASSETCATALOG_COMPILER_APPICON_NAME = AppIcon;
				CODE_SIGN_ENTITLEMENTS = woorischool/woorischool.entitlements;
				CODE_SIGN_IDENTITY = "iPhone Developer";
				CODE_SIGN_STYLE = Automatic;
				CURRENT_PROJECT_VERSION = 4;
				DEVELOPMENT_TEAM = 4TNGT36HA9;
				INFOPLIST_FILE = woorischool/Info.plist;
				LD_RUNPATH_SEARCH_PATHS = (
					"$(inherited)",
					"@executable_path/Frameworks",
				);
				MARKETING_VERSION = 1.0.0;
				PRODUCT_BUNDLE_IDENTIFIER = com.beanfactory.woorischool;
				PRODUCT_NAME = "우리스쿨";
				PROVISIONING_PROFILE_SPECIFIER = "";
				SWIFT_VERSION = 5.0;
				TARGETED_DEVICE_FAMILY = 1;
			};
			name = Debug;
		};
		9968CF5523418F3500B8D095 /* Release */ = {
			isa = XCBuildConfiguration;
			baseConfigurationReference = 976225E4F1BC256AAEF8F4BB /* Pods-woorischool.release.xcconfig */;
			buildSettings = {
				ASSETCATALOG_COMPILER_APPICON_NAME = AppIcon;
				CODE_SIGN_ENTITLEMENTS = woorischool/woorischool.entitlements;
				CODE_SIGN_IDENTITY = "iPhone Developer";
				CODE_SIGN_STYLE = Automatic;
				CURRENT_PROJECT_VERSION = 4;
				DEVELOPMENT_TEAM = 4TNGT36HA9;
				INFOPLIST_FILE = woorischool/Info.plist;
				LD_RUNPATH_SEARCH_PATHS = (
					"$(inherited)",
					"@executable_path/Frameworks",
				);
				MARKETING_VERSION = 1.0.0;
				PRODUCT_BUNDLE_IDENTIFIER = com.beanfactory.woorischool;
				PRODUCT_NAME = "우리스쿨";
				PROVISIONING_PROFILE_SPECIFIER = "";
				SWIFT_VERSION = 5.0;
				TARGETED_DEVICE_FAMILY = 1;
			};
			name = Release;
		};
		9968CF5723418F3500B8D095 /* Debug */ = {
			isa = XCBuildConfiguration;
			baseConfigurationReference = 530174885E637CF31660E36D /* Pods-woorischoolTests.debug.xcconfig */;
			buildSettings = {
				ALWAYS_EMBED_SWIFT_STANDARD_LIBRARIES = YES;
				BUNDLE_LOADER = "$(TEST_HOST)";
				CODE_SIGN_STYLE = Automatic;
				INFOPLIST_FILE = woorischoolTests/Info.plist;
				LD_RUNPATH_SEARCH_PATHS = (
					"$(inherited)",
					"@executable_path/Frameworks",
					"@loader_path/Frameworks",
				);
				PRODUCT_BUNDLE_IDENTIFIER = com.beanfactory.woorischoolTests;
				PRODUCT_NAME = "$(TARGET_NAME)";
				SWIFT_VERSION = 5.0;
				TARGETED_DEVICE_FAMILY = "1,2";
				TEST_HOST = "$(BUILT_PRODUCTS_DIR)/woorischool.app/woorischool";
			};
			name = Debug;
		};
		9968CF5823418F3500B8D095 /* Release */ = {
			isa = XCBuildConfiguration;
			baseConfigurationReference = CECCFAD86527E37AA122206D /* Pods-woorischoolTests.release.xcconfig */;
			buildSettings = {
				ALWAYS_EMBED_SWIFT_STANDARD_LIBRARIES = YES;
				BUNDLE_LOADER = "$(TEST_HOST)";
				CODE_SIGN_STYLE = Automatic;
				INFOPLIST_FILE = woorischoolTests/Info.plist;
				LD_RUNPATH_SEARCH_PATHS = (
					"$(inherited)",
					"@executable_path/Frameworks",
					"@loader_path/Frameworks",
				);
				PRODUCT_BUNDLE_IDENTIFIER = com.beanfactory.woorischoolTests;
				PRODUCT_NAME = "$(TARGET_NAME)";
				SWIFT_VERSION = 5.0;
				TARGETED_DEVICE_FAMILY = "1,2";
				TEST_HOST = "$(BUILT_PRODUCTS_DIR)/woorischool.app/woorischool";
			};
			name = Release;
		};
		9968CF5A23418F3500B8D095 /* Debug */ = {
			isa = XCBuildConfiguration;
			baseConfigurationReference = 0EA684C3B177CBDD6F244DE4 /* Pods-woorischoolUITests.debug.xcconfig */;
			buildSettings = {
				ALWAYS_EMBED_SWIFT_STANDARD_LIBRARIES = YES;
				CODE_SIGN_STYLE = Automatic;
				INFOPLIST_FILE = woorischoolUITests/Info.plist;
				LD_RUNPATH_SEARCH_PATHS = (
					"$(inherited)",
					"@executable_path/Frameworks",
					"@loader_path/Frameworks",
				);
				PRODUCT_BUNDLE_IDENTIFIER = com.beanfactory.woorischoolUITests;
				PRODUCT_NAME = "$(TARGET_NAME)";
				SWIFT_VERSION = 5.0;
				TARGETED_DEVICE_FAMILY = "1,2";
				TEST_TARGET_NAME = woorischool;
			};
			name = Debug;
		};
		9968CF5B23418F3500B8D095 /* Release */ = {
			isa = XCBuildConfiguration;
			baseConfigurationReference = C63EB5231703A402FC52CEED /* Pods-woorischoolUITests.release.xcconfig */;
			buildSettings = {
				ALWAYS_EMBED_SWIFT_STANDARD_LIBRARIES = YES;
				CODE_SIGN_STYLE = Automatic;
				INFOPLIST_FILE = woorischoolUITests/Info.plist;
				LD_RUNPATH_SEARCH_PATHS = (
					"$(inherited)",
					"@executable_path/Frameworks",
					"@loader_path/Frameworks",
				);
				PRODUCT_BUNDLE_IDENTIFIER = com.beanfactory.woorischoolUITests;
				PRODUCT_NAME = "$(TARGET_NAME)";
				SWIFT_VERSION = 5.0;
				TARGETED_DEVICE_FAMILY = "1,2";
				TEST_TARGET_NAME = woorischool;
			};
			name = Release;
		};
/* End XCBuildConfiguration section */

/* Begin XCConfigurationList section */
		9968CF2323418F3200B8D095 /* Build configuration list for PBXProject "woorischool" */ = {
			isa = XCConfigurationList;
			buildConfigurations = (
				9968CF5123418F3500B8D095 /* Debug */,
				9968CF5223418F3500B8D095 /* Release */,
			);
			defaultConfigurationIsVisible = 0;
			defaultConfigurationName = Release;
		};
		9968CF5323418F3500B8D095 /* Build configuration list for PBXNativeTarget "woorischool" */ = {
			isa = XCConfigurationList;
			buildConfigurations = (
				9968CF5423418F3500B8D095 /* Debug */,
				9968CF5523418F3500B8D095 /* Release */,
			);
			defaultConfigurationIsVisible = 0;
			defaultConfigurationName = Release;
		};
		9968CF5623418F3500B8D095 /* Build configuration list for PBXNativeTarget "woorischoolTests" */ = {
			isa = XCConfigurationList;
			buildConfigurations = (
				9968CF5723418F3500B8D095 /* Debug */,
				9968CF5823418F3500B8D095 /* Release */,
			);
			defaultConfigurationIsVisible = 0;
			defaultConfigurationName = Release;
		};
		9968CF5923418F3500B8D095 /* Build configuration list for PBXNativeTarget "woorischoolUITests" */ = {
			isa = XCConfigurationList;
			buildConfigurations = (
				9968CF5A23418F3500B8D095 /* Debug */,
				9968CF5B23418F3500B8D095 /* Release */,
			);
			defaultConfigurationIsVisible = 0;
			defaultConfigurationName = Release;
		};
/* End XCConfigurationList section */

/* Begin XCVersionGroup section */
		9968CF3223418F3200B8D095 /* woorischool.xcdatamodeld */ = {
			isa = XCVersionGroup;
			children = (
				9968CF3323418F3200B8D095 /* woorischool.xcdatamodel */,
			);
			currentVersion = 9968CF3323418F3200B8D095 /* woorischool.xcdatamodel */;
			path = woorischool.xcdatamodeld;
			sourceTree = "<group>";
			versionGroupType = wrapper.xcdatamodel;
		};
/* End XCVersionGroup section */
	};
	rootObject = 9968CF2023418F3200B8D095 /* Project object */;
}
